
Microsoft Visual Studio Solution File, Format Version 11.00
# Visual Studio 2010
Project("{8BC9CEB8-8B4A-11D0-8D11-00A0C91BC942}") = "wincrafty", "wincrafty.vcxproj", "{A5D302CF-AE7F-4A59-A08E-FBF2241C972F}"
EndProject
Global
	GlobalSection(SolutionConfigurationPlatforms) = preSolution
		Debug|Win32 = Debug|Win32
		Debug|x64 = Debug|x64
		Release|Win32 = Release|Win32
		Release|x64 = Release|x64
	EndGlobalSection
	GlobalSection(ProjectConfigurationPlatforms) = postSolution
		{A5D302CF-AE7F-4A59-A08E-FBF2241C972F}.Debug|Win32.ActiveCfg = Debug|x64
		{A5D302CF-AE7F-4A59-A08E-FBF2241C972F}.Debug|Win32.Build.0 = Debug|x64
		{A5D302CF-AE7F-4A59-A08E-FBF2241C972F}.Debug|x64.ActiveCfg = Debug|x64
		{A5D302CF-AE7F-4A59-A08E-FBF2241C972F}.Debug|x64.Build.0 = Debug|x64
		{A5D302CF-AE7F-4A59-A08E-FBF2241C972F}.Release|Win32.ActiveCfg = Release|x64
		{A5D302CF-AE7F-4A59-A08E-FBF2241C972F}.Release|Win32.Build.0 = Release|x64
		{A5D302CF-AE7F-4A59-A08E-FBF2241C972F}.Release|x64.ActiveCfg = Release|x64
		{A5D302CF-AE7F-4A59-A08E-FBF2241C972F}.Release|x64.Build.0 = Release|x64
	EndGlobalSection
	GlobalSection(SolutionProperties) = preSolution
		HideSolutionNode = FALSE
	EndGlobalSection
EndGlobal
